
Microsoft Visual Studio Solution File, Format Version 12.00
# Visual Studio Version 17
VisualStudioVersion = 17.7.34202.233
MinimumVisualStudioVersion = 10.0.40219.1
Project("{8BC9CEB8-8B4A-11D0-8D11-00A0C91BC942}") = "Lab_1_OS", "Lab_1_OS\Lab_1_OS.vcxproj", "{0FEF46A2-DBC7-426B-BE21-58C7BC44B822}"
EndProject
Project("{8BC9CEB8-8B4A-11D0-8D11-00A0C91BC942}") = "Creator", "Creator\Creator.vcxproj", "{3A7F53C0-16ED-4CEF-A17C-D8E0F79A8D83}"
EndProject
Project("{8BC9CEB8-8B4A-11D0-8D11-00A0C91BC942}") = "Reporter", "Reporter\Reporter.vcxproj", "{525F23C6-8D88-40AA-8EB8-AB07D868B8A0}"
EndProject
Global
	GlobalSection(SolutionConfigurationPlatforms) = preSolution
		Debug|ARM64 = Debug|ARM64
		Debug|x64 = Debug|x64
		Debug|x86 = Debug|x86
		Release|ARM64 = Release|ARM64
		Release|x64 = Release|x64
		Release|x86 = Release|x86
	EndGlobalSection
	GlobalSection(ProjectConfigurationPlatforms) = postSolution
		{0FEF46A2-DBC7-426B-BE21-58C7BC44B822}.Debug|ARM64.ActiveCfg = Debug|ARM64
		{0FEF46A2-DBC7-426B-BE21-58C7BC44B822}.Debug|ARM64.Build.0 = Debug|ARM64
		{0FEF46A2-DBC7-426B-BE21-58C7BC44B822}.Debug|x64.ActiveCfg = Debug|x64
		{0FEF46A2-DBC7-426B-BE21-58C7BC44B822}.Debug|x64.Build.0 = Debug|x64
		{0FEF46A2-DBC7-426B-BE21-58C7BC44B822}.Debug|x86.ActiveCfg = Debug|Win32
		{0FEF46A2-DBC7-426B-BE21-58C7BC44B822}.Debug|x86.Build.0 = Debug|Win32
		{0FEF46A2-DBC7-426B-BE21-58C7BC44B822}.Release|ARM64.ActiveCfg = Release|ARM64
		{0FEF46A2-DBC7-426B-BE21-58C7BC44B822}.Release|ARM64.Build.0 = Release|ARM64
		{0FEF46A2-DBC7-426B-BE21-58C7BC44B822}.Release|x64.ActiveCfg = Release|x64
		{0FEF46A2-DBC7-426B-BE21-58C7BC44B822}.Release|x64.Build.0 = Release|x64
		{0FEF46A2-DBC7-426B-BE21-58C7BC44B822}.Release|x86.ActiveCfg = Release|Win32
		{0FEF46A2-DBC7-426B-BE21-58C7BC44B822}.Release|x86.Build.0 = Release|Win32
		{3A7F53C0-16ED-4CEF-A17C-D8E0F79A8D83}.Debug|ARM64.ActiveCfg = Debug|ARM64
		{3A7F53C0-16ED-4CEF-A17C-D8E0F79A8D83}.Debug|ARM64.Build.0 = Debug|ARM64
		{3A7F53C0-16ED-4CEF-A17C-D8E0F79A8D83}.Debug|x64.ActiveCfg = Debug|x64
		{3A7F53C0-16ED-4CEF-A17C-D8E0F79A8D83}.Debug|x64.Build.0 = Debug|x64
		{3A7F53C0-16ED-4CEF-A17C-D8E0F79A8D83}.Debug|x86.ActiveCfg = Debug|Win32
		{3A7F53C0-16ED-4CEF-A17C-D8E0F79A8D83}.Debug|x86.Build.0 = Debug|Win32
		{3A7F53C0-16ED-4CEF-A17C-D8E0F79A8D83}.Release|ARM64.ActiveCfg = Release|ARM64
		{3A7F53C0-16ED-4CEF-A17C-D8E0F79A8D83}.Release|ARM64.Build.0 = Release|ARM64
		{3A7F53C0-16ED-4CEF-A17C-D8E0F79A8D83}.Release|x64.ActiveCfg = Release|x64
		{3A7F53C0-16ED-4CEF-A17C-D8E0F79A8D83}.Release|x64.Build.0 = Release|x64
		{3A7F53C0-16ED-4CEF-A17C-D8E0F79A8D83}.Release|x86.ActiveCfg = Release|Win32
		{3A7F53C0-16ED-4CEF-A17C-D8E0F79A8D83}.Release|x86.Build.0 = Release|Win32
		{525F23C6-8D88-40AA-8EB8-AB07D868B8A0}.Debug|ARM64.ActiveCfg = Debug|ARM64
		{525F23C6-8D88-40AA-8EB8-AB07D868B8A0}.Debug|ARM64.Build.0 = Debug|ARM64
		{525F23C6-8D88-40AA-8EB8-AB07D868B8A0}.Debug|x64.ActiveCfg = Debug|x64
		{525F23C6-8D88-40AA-8EB8-AB07D868B8A0}.Debug|x64.Build.0 = Debug|x64
		{525F23C6-8D88-40AA-8EB8-AB07D868B8A0}.Debug|x86.ActiveCfg = Debug|Win32
		{525F23C6-8D88-40AA-8EB8-AB07D868B8A0}.Debug|x86.Build.0 = Debug|Win32
		{525F23C6-8D88-40AA-8EB8-AB07D868B8A0}.Release|ARM64.ActiveCfg = Release|ARM64
		{525F23C6-8D88-40AA-8EB8-AB07D868B8A0}.Release|ARM64.Build.0 = Release|ARM64
		{525F23C6-8D88-40AA-8EB8-AB07D868B8A0}.Release|x64.ActiveCfg = Release|x64
		{525F23C6-8D88-40AA-8EB8-AB07D868B8A0}.Release|x64.Build.0 = Release|x64
		{525F23C6-8D88-40AA-8EB8-AB07D868B8A0}.Release|x86.ActiveCfg = Release|Win32
		{525F23C6-8D88-40AA-8EB8-AB07D868B8A0}.Release|x86.Build.0 = Release|Win32
	EndGlobalSection
	GlobalSection(SolutionProperties) = preSolution
		HideSolutionNode = FALSE
	EndGlobalSection
	GlobalSection(ExtensibilityGlobals) = postSolution
		SolutionGuid = {5EB839D3-32CD-4135-9D0D-E5D98A08238F}
	EndGlobalSection
EndGlobal
